# This file is automatically @generated by Cargo.
# It is not intended for manual editing.
version = 4

[[package]]
name = "returns"
version = "0.1.1"
source = "registry+https://github.com/rust-lang/crates.io-index"
checksum = "a4f88410a79419a7e86f88247bfb67ba4af4ebb9dbe8452b61e32a67129e884a"

[[package]]
name = "trends"
version = "0.1.1"
dependencies = [
 "returns",
]
